// !$*UTF8*$!
{
	archiveVersion = 1;
	classes = {
	};
	objectVersion = 55;
	objects = {

/* Begin PBXBuildFile section */
		CF1CD0E62841335500CCD132 /* DetailedViewController.swift in Sources */ = {isa = PBXBuildFile; fileRef = CF1CD0E52841335500CCD132 /* DetailedViewController.swift */; };
		CF1CD0EF28414A1A00CCD132 /* StorageManager.swift in Sources */ = {isa = PBXBuildFile; fileRef = CF1CD0EE28414A1A00CCD132 /* StorageManager.swift */; };
		CF32955028411135009B221C /* AppDelegate.swift in Sources */ = {isa = PBXBuildFile; fileRef = CF32954F28411135009B221C /* AppDelegate.swift */; };
		CF32955228411135009B221C /* SceneDelegate.swift in Sources */ = {isa = PBXBuildFile; fileRef = CF32955128411135009B221C /* SceneDelegate.swift */; };
		CF32955428411135009B221C /* HomeViewController.swift in Sources */ = {isa = PBXBuildFile; fileRef = CF32955328411135009B221C /* HomeViewController.swift */; };
		CF32955728411135009B221C /* Main.storyboard in Resources */ = {isa = PBXBuildFile; fileRef = CF32955528411135009B221C /* Main.storyboard */; };
		CF32955928411136009B221C /* Assets.xcassets in Resources */ = {isa = PBXBuildFile; fileRef = CF32955828411136009B221C /* Assets.xcassets */; };
		CF32955C28411136009B221C /* LaunchScreen.storyboard in Resources */ = {isa = PBXBuildFile; fileRef = CF32955A28411136009B221C /* LaunchScreen.storyboard */; };
		CF329568284114BC009B221C /* NetworkManager.swift in Sources */ = {isa = PBXBuildFile; fileRef = CF329567284114BC009B221C /* NetworkManager.swift */; };
		CF32956A284114DE009B221C /* Product.swift in Sources */ = {isa = PBXBuildFile; fileRef = CF329569284114DE009B221C /* Product.swift */; };
		CF32956E28411906009B221C /* ProductViewController.swift in Sources */ = {isa = PBXBuildFile; fileRef = CF32956D28411906009B221C /* ProductViewController.swift */; };
		CF3295712841292C009B221C /* SDWebImage in Frameworks */ = {isa = PBXBuildFile; productRef = CF3295702841292C009B221C /* SDWebImage */; };
		CF32957628412A02009B221C /* ProductCell.swift in Sources */ = {isa = PBXBuildFile; fileRef = CF32957428412A02009B221C /* ProductCell.swift */; };
		CF32957728412A02009B221C /* ProductCell.xib in Resources */ = {isa = PBXBuildFile; fileRef = CF32957528412A02009B221C /* ProductCell.xib */; };
		CFA0379D28415591000BA259 /* IQKeyboardManagerSwift in Frameworks */ = {isa = PBXBuildFile; productRef = CFA0379C28415591000BA259 /* IQKeyboardManagerSwift */; };
		CFA037A028415A7D000BA259 /* Realm in Frameworks */ = {isa = PBXBuildFile; productRef = CFA0379F28415A7D000BA259 /* Realm */; };
		CFA037A228415A7D000BA259 /* RealmSwift in Frameworks */ = {isa = PBXBuildFile; productRef = CFA037A128415A7D000BA259 /* RealmSwift */; };
/* End PBXBuildFile section */

/* Begin PBXFileReference section */
		CF1CD0E52841335500CCD132 /* DetailedViewController.swift */ = {isa = PBXFileReference; lastKnownFileType = sourcecode.swift; path = DetailedViewController.swift; sourceTree = "<group>"; };
		CF1CD0EE28414A1A00CCD132 /* StorageManager.swift */ = {isa = PBXFileReference; lastKnownFileType = sourcecode.swift; path = StorageManager.swift; sourceTree = "<group>"; };
		CF32954C28411135009B221C /* TestApp.app */ = {isa = PBXFileReference; explicitFileType = wrapper.application; includeInIndex = 0; path = TestApp.app; sourceTree = BUILT_PRODUCTS_DIR; };
		CF32954F28411135009B221C /* AppDelegate.swift */ = {isa = PBXFileReference; lastKnownFileType = sourcecode.swift; path = AppDelegate.swift; sourceTree = "<group>"; };
		CF32955128411135009B221C /* SceneDelegate.swift */ = {isa = PBXFileReference; lastKnownFileType = sourcecode.swift; path = SceneDelegate.swift; sourceTree = "<group>"; };
		CF32955328411135009B221C /* HomeViewController.swift */ = {isa = PBXFileReference; lastKnownFileType = sourcecode.swift; path = HomeViewController.swift; sourceTree = "<group>"; };
		CF32955628411135009B221C /* Base */ = {isa = PBXFileReference; lastKnownFileType = file.storyboard; name = Base; path = Base.lproj/Main.storyboard; sourceTree = "<group>"; };
		CF32955828411136009B221C /* Assets.xcassets */ = {isa = PBXFileReference; lastKnownFileType = folder.assetcatalog; path = Assets.xcassets; sourceTree = "<group>"; };
		CF32955B28411136009B221C /* Base */ = {isa = PBXFileReference; lastKnownFileType = file.storyboard; name = Base; path = Base.lproj/LaunchScreen.storyboard; sourceTree = "<group>"; };
		CF32955D28411136009B221C /* Info.plist */ = {isa = PBXFileReference; lastKnownFileType = text.plist.xml; path = Info.plist; sourceTree = "<group>"; };
		CF329567284114BC009B221C /* NetworkManager.swift */ = {isa = PBXFileReference; lastKnownFileType = sourcecode.swift; path = NetworkManager.swift; sourceTree = "<group>"; };
		CF329569284114DE009B221C /* Product.swift */ = {isa = PBXFileReference; lastKnownFileType = sourcecode.swift; path = Product.swift; sourceTree = "<group>"; };
		CF32956D28411906009B221C /* ProductViewController.swift */ = {isa = PBXFileReference; lastKnownFileType = sourcecode.swift; path = ProductViewController.swift; sourceTree = "<group>"; };
		CF32957428412A02009B221C /* ProductCell.swift */ = {isa = PBXFileReference; lastKnownFileType = sourcecode.swift; path = ProductCell.swift; sourceTree = "<group>"; };
		CF32957528412A02009B221C /* ProductCell.xib */ = {isa = PBXFileReference; lastKnownFileType = file.xib; path = ProductCell.xib; sourceTree = "<group>"; };
/* End PBXFileReference section */

/* Begin PBXFrameworksBuildPhase section */
		CF32954928411135009B221C /* Frameworks */ = {
			isa = PBXFrameworksBuildPhase;
			buildActionMask = 2147483647;
			files = (
				CFA037A228415A7D000BA259 /* RealmSwift in Frameworks */,
				CFA037A028415A7D000BA259 /* Realm in Frameworks */,
				CF3295712841292C009B221C /* SDWebImage in Frameworks */,
				CFA0379D28415591000BA259 /* IQKeyboardManagerSwift in Frameworks */,
			);
			runOnlyForDeploymentPostprocessing = 0;
		};
/* End PBXFrameworksBuildPhase section */

/* Begin PBXGroup section */
		CF32954328411135009B221C = {
			isa = PBXGroup;
			children = (
				CF32954E28411135009B221C /* TestApp */,
				CF32954D28411135009B221C /* Products */,
			);
			sourceTree = "<group>";
		};
		CF32954D28411135009B221C /* Products */ = {
			isa = PBXGroup;
			children = (
				CF32954C28411135009B221C /* TestApp.app */,
			);
			name = Products;
			sourceTree = "<group>";
		};
		CF32954E28411135009B221C /* TestApp */ = {
			isa = PBXGroup;
			children = (
				CF32956528411446009B221C /* Resources */,
				CF32956328411419009B221C /* App */,
				CF32956B284114EB009B221C /* Services */,
				CF32956C284114F2009B221C /* Models */,
				CF32956628411453009B221C /* ViewControllers */,
				CF3295642841143F009B221C /* Storyboards */,
			);
			path = TestApp;
			sourceTree = "<group>";
		};
		CF32956328411419009B221C /* App */ = {
			isa = PBXGroup;
			children = (
				CF32954F28411135009B221C /* AppDelegate.swift */,
				CF32955128411135009B221C /* SceneDelegate.swift */,
				CF32955D28411136009B221C /* Info.plist */,
			);
			path = App;
			sourceTree = "<group>";
		};
		CF3295642841143F009B221C /* Storyboards */ = {
			isa = PBXGroup;
			children = (
				CF32955528411135009B221C /* Main.storyboard */,
				CF32955A28411136009B221C /* LaunchScreen.storyboard */,
			);
			path = Storyboards;
			sourceTree = "<group>";
		};
		CF32956528411446009B221C /* Resources */ = {
			isa = PBXGroup;
			children = (
				CF32955828411136009B221C /* Assets.xcassets */,
			);
			path = Resources;
			sourceTree = "<group>";
		};
		CF32956628411453009B221C /* ViewControllers */ = {
			isa = PBXGroup;
			children = (
				CF32955328411135009B221C /* HomeViewController.swift */,
				CF32956D28411906009B221C /* ProductViewController.swift */,
				CF1CD0E52841335500CCD132 /* DetailedViewController.swift */,
				CF329578284132C6009B221C /* Views */,
			);
			path = ViewControllers;
			sourceTree = "<group>";
		};
		CF32956B284114EB009B221C /* Services */ = {
			isa = PBXGroup;
			children = (
				CF329567284114BC009B221C /* NetworkManager.swift */,
				CF1CD0EE28414A1A00CCD132 /* StorageManager.swift */,
			);
			path = Services;
			sourceTree = "<group>";
		};
		CF32956C284114F2009B221C /* Models */ = {
			isa = PBXGroup;
			children = (
				CF329569284114DE009B221C /* Product.swift */,
			);
			path = Models;
			sourceTree = "<group>";
		};
		CF329578284132C6009B221C /* Views */ = {
			isa = PBXGroup;
			children = (
				CF32957428412A02009B221C /* ProductCell.swift */,
				CF32957528412A02009B221C /* ProductCell.xib */,
			);
			path = Views;
			sourceTree = "<group>";
		};
/* End PBXGroup section */

/* Begin PBXNativeTarget section */
		CF32954B28411135009B221C /* TestApp */ = {
			isa = PBXNativeTarget;
			buildConfigurationList = CF32956028411136009B221C /* Build configuration list for PBXNativeTarget "TestApp" */;
			buildPhases = (
				CF32954828411135009B221C /* Sources */,
				CF32954928411135009B221C /* Frameworks */,
				CF32954A28411135009B221C /* Resources */,
			);
			buildRules = (
			);
			dependencies = (
			);
			name = TestApp;
			packageProductDependencies = (
				CF3295702841292C009B221C /* SDWebImage */,
				CFA0379C28415591000BA259 /* IQKeyboardManagerSwift */,
				CFA0379F28415A7D000BA259 /* Realm */,
				CFA037A128415A7D000BA259 /* RealmSwift */,
			);
			productName = TestApp;
			productReference = CF32954C28411135009B221C /* TestApp.app */;
			productType = "com.apple.product-type.application";
		};
/* End PBXNativeTarget section */

/* Begin PBXProject section */
		CF32954428411135009B221C /* Project object */ = {
			isa = PBXProject;
			attributes = {
				BuildIndependentTargetsInParallel = 1;
				LastSwiftUpdateCheck = 1340;
				LastUpgradeCheck = 1340;
				TargetAttributes = {
					CF32954B28411135009B221C = {
						CreatedOnToolsVersion = 13.4;
					};
				};
			};
			buildConfigurationList = CF32954728411135009B221C /* Build configuration list for PBXProject "TestApp" */;
			compatibilityVersion = "Xcode 13.0";
			developmentRegion = en;
			hasScannedForEncodings = 0;
			knownRegions = (
				en,
				Base,
			);
			mainGroup = CF32954328411135009B221C;
			packageReferences = (
				CF32956F2841292C009B221C /* XCRemoteSwiftPackageReference "SDWebImage" */,
				CFA0379B28415591000BA259 /* XCRemoteSwiftPackageReference "IQKeyboardManager" */,
				CFA0379E28415A7D000BA259 /* XCRemoteSwiftPackageReference "realm-swift" */,
			);
			productRefGroup = CF32954D28411135009B221C /* Products */;
			projectDirPath = "";
			projectRoot = "";
			targets = (
				CF32954B28411135009B221C /* TestApp */,
			);
		};
/* End PBXProject section */

/* Begin PBXResourcesBuildPhase section */
		CF32954A28411135009B221C /* Resources */ = {
			isa = PBXResourcesBuildPhase;
			buildActionMask = 2147483647;
			files = (
				CF32955C28411136009B221C /* LaunchScreen.storyboard in Resources */,
				CF32957728412A02009B221C /* ProductCell.xib in Resources */,
				CF32955928411136009B221C /* Assets.xcassets in Resources */,
				CF32955728411135009B221C /* Main.storyboard in Resources */,
			);
			runOnlyForDeploymentPostprocessing = 0;
		};
/* End PBXResourcesBuildPhase section */

/* Begin PBXSourcesBuildPhase section */
		CF32954828411135009B221C /* Sources */ = {
			isa = PBXSourcesBuildPhase;
			buildActionMask = 2147483647;
			files = (
				CF32956E28411906009B221C /* ProductViewController.swift in Sources */,
				CF329568284114BC009B221C /* NetworkManager.swift in Sources */,
				CF1CD0E62841335500CCD132 /* DetailedViewController.swift in Sources */,
				CF32955428411135009B221C /* HomeViewController.swift in Sources */,
				CF32956A284114DE009B221C /* Product.swift in Sources */,
				CF32955028411135009B221C /* AppDelegate.swift in Sources */,
				CF32957628412A02009B221C /* ProductCell.swift in Sources */,
				CF1CD0EF28414A1A00CCD132 /* StorageManager.swift in Sources */,
				CF32955228411135009B221C /* SceneDelegate.swift in Sources */,
			);
			runOnlyForDeploymentPostprocessing = 0;
		};
/* End PBXSourcesBuildPhase section */

/* Begin PBXVariantGroup section */
		CF32955528411135009B221C /* Main.storyboard */ = {
			isa = PBXVariantGroup;
			children = (
				CF32955628411135009B221C /* Base */,
			);
			name = Main.storyboard;
			sourceTree = "<group>";
		};
		CF32955A28411136009B221C /* LaunchScreen.storyboard */ = {
			isa = PBXVariantGroup;
			children = (
				CF32955B28411136009B221C /* Base */,
			);
			name = LaunchScreen.storyboard;
			sourceTree = "<group>";
		};
/* End PBXVariantGroup section */

/* Begin XCBuildConfiguration section */
		CF32955E28411136009B221C /* Debug */ = {
			isa = XCBuildConfiguration;
			buildSettings = {
				ALWAYS_SEARCH_USER_PATHS = NO;
				CLANG_ANALYZER_NONNULL = YES;
				CLANG_ANALYZER_NUMBER_OBJECT_CONVERSION = YES_AGGRESSIVE;
				CLANG_CXX_LANGUAGE_STANDARD = "gnu++17";
				CLANG_ENABLE_MODULES = YES;
				CLANG_ENABLE_OBJC_ARC = YES;
				CLANG_ENABLE_OBJC_WEAK = YES;
				CLANG_WARN_BLOCK_CAPTURE_AUTORELEASING = YES;
				CLANG_WARN_BOOL_CONVERSION = YES;
				CLANG_WARN_COMMA = YES;
				CLANG_WARN_CONSTANT_CONVERSION = YES;
				CLANG_WARN_DEPRECATED_OBJC_IMPLEMENTATIONS = YES;
				CLANG_WARN_DIRECT_OBJC_ISA_USAGE = YES_ERROR;
				CLANG_WARN_DOCUMENTATION_COMMENTS = YES;
				CLANG_WARN_EMPTY_BODY = YES;
				CLANG_WARN_ENUM_CONVERSION = YES;
				CLANG_WARN_INFINITE_RECURSION = YES;
				CLANG_WARN_INT_CONVERSION = YES;
				CLANG_WARN_NON_LITERAL_NULL_CONVERSION = YES;
				CLANG_WARN_OBJC_IMPLICIT_RETAIN_SELF = YES;
				CLANG_WARN_OBJC_LITERAL_CONVERSION = YES;
				CLANG_WARN_OBJC_ROOT_CLASS = YES_ERROR;
				CLANG_WARN_QUOTED_INCLUDE_IN_FRAMEWORK_HEADER = YES;
				CLANG_WARN_RANGE_LOOP_ANALYSIS = YES;
				CLANG_WARN_STRICT_PROTOTYPES = YES;
				CLANG_WARN_SUSPICIOUS_MOVE = YES;
				CLANG_WARN_UNGUARDED_AVAILABILITY = YES_AGGRESSIVE;
				CLANG_WARN_UNREACHABLE_CODE = YES;
				CLANG_WARN__DUPLICATE_METHOD_MATCH = YES;
				COPY_PHASE_STRIP = NO;
				DEBUG_INFORMATION_FORMAT = dwarf;
				ENABLE_STRICT_OBJC_MSGSEND = YES;
				ENABLE_TESTABILITY = YES;
				GCC_C_LANGUAGE_STANDARD = gnu11;
				GCC_DYNAMIC_NO_PIC = NO;
				GCC_NO_COMMON_BLOCKS = YES;
				GCC_OPTIMIZATION_LEVEL = 0;
				GCC_PREPROCESSOR_DEFINITIONS = (
					"DEBUG=1",
					"$(inherited)",
				);
				GCC_WARN_64_TO_32_BIT_CONVERSION = YES;
				GCC_WARN_ABOUT_RETURN_TYPE = YES_ERROR;
				GCC_WARN_UNDECLARED_SELECTOR = YES;
				GCC_WARN_UNINITIALIZED_AUTOS = YES_AGGRESSIVE;
				GCC_WARN_UNUSED_FUNCTION = YES;
				GCC_WARN_UNUSED_VARIABLE = YES;
				IPHONEOS_DEPLOYMENT_TARGET = 15.5;
				MTL_ENABLE_DEBUG_INFO = INCLUDE_SOURCE;
				MTL_FAST_MATH = YES;
				ONLY_ACTIVE_ARCH = YES;
				SDKROOT = iphoneos;
				SWIFT_ACTIVE_COMPILATION_CONDITIONS = DEBUG;
				SWIFT_OPTIMIZATION_LEVEL = "-Onone";
			};
			name = Debug;
		};
		CF32955F28411136009B221C /* Release */ = {
			isa = XCBuildConfiguration;
			buildSettings = {
				ALWAYS_SEARCH_USER_PATHS = NO;
				CLANG_ANALYZER_NONNULL = YES;
				CLANG_ANALYZER_NUMBER_OBJECT_CONVERSION = YES_AGGRESSIVE;
				CLANG_CXX_LANGUAGE_STANDARD = "gnu++17";
				CLANG_ENABLE_MODULES = YES;
				CLANG_ENABLE_OBJC_ARC = YES;
				CLANG_ENABLE_OBJC_WEAK = YES;
				CLANG_WARN_BLOCK_CAPTURE_AUTORELEASING = YES;
				CLANG_WARN_BOOL_CONVERSION = YES;
				CLANG_WARN_COMMA = YES;
				CLANG_WARN_CONSTANT_CONVERSION = YES;
				CLANG_WARN_DEPRECATED_OBJC_IMPLEMENTATIONS = YES;
				CLANG_WARN_DIRECT_OBJC_ISA_USAGE = YES_ERROR;
				CLANG_WARN_DOCUMENTATION_COMMENTS = YES;
				CLANG_WARN_EMPTY_BODY = YES;
				CLANG_WARN_ENUM_CONVERSION = YES;
				CLANG_WARN_INFINITE_RECURSION = YES;
				CLANG_WARN_INT_CONVERSION = YES;
				CLANG_WARN_NON_LITERAL_NULL_CONVERSION = YES;
				CLANG_WARN_OBJC_IMPLICIT_RETAIN_SELF = YES;
				CLANG_WARN_OBJC_LITERAL_CONVERSION = YES;
				CLANG_WARN_OBJC_ROOT_CLASS = YES_ERROR;
				CLANG_WARN_QUOTED_INCLUDE_IN_FRAMEWORK_HEADER = YES;
				CLANG_WARN_RANGE_LOOP_ANALYSIS = YES;
				CLANG_WARN_STRICT_PROTOTYPES = YES;
				CLANG_WARN_SUSPICIOUS_MOVE = YES;
				CLANG_WARN_UNGUARDED_AVAILABILITY = YES_AGGRESSIVE;
				CLANG_WARN_UNREACHABLE_CODE = YES;
				CLANG_WARN__DUPLICATE_METHOD_MATCH = YES;
				COPY_PHASE_STRIP = NO;
				DEBUG_INFORMATION_FORMAT = "dwarf-with-dsym";
				ENABLE_NS_ASSERTIONS = NO;
				ENABLE_STRICT_OBJC_MSGSEND = YES;
				GCC_C_LANGUAGE_STANDARD = gnu11;
				GCC_NO_COMMON_BLOCKS = YES;
				GCC_WARN_64_TO_32_BIT_CONVERSION = YES;
				GCC_WARN_ABOUT_RETURN_TYPE = YES_ERROR;
				GCC_WARN_UNDECLARED_SELECTOR = YES;
				GCC_WARN_UNINITIALIZED_AUTOS = YES_AGGRESSIVE;
				GCC_WARN_UNUSED_FUNCTION = YES;
				GCC_WARN_UNUSED_VARIABLE = YES;
				IPHONEOS_DEPLOYMENT_TARGET = 15.5;
				MTL_ENABLE_DEBUG_INFO = NO;
				MTL_FAST_MATH = YES;
				SDKROOT = iphoneos;
				SWIFT_COMPILATION_MODE = wholemodule;
				SWIFT_OPTIMIZATION_LEVEL = "-O";
				VALIDATE_PRODUCT = YES;
			};
			name = Release;
		};
		CF32956128411136009B221C /* Debug */ = {
			isa = XCBuildConfiguration;
			buildSettings = {
				ASSETCATALOG_COMPILER_APPICON_NAME = AppIcon;
				ASSETCATALOG_COMPILER_GLOBAL_ACCENT_COLOR_NAME = AccentColor;
				CODE_SIGN_STYLE = Automatic;
				CURRENT_PROJECT_VERSION = 1;
				DEVELOPMENT_TEAM = L7KZPDRX49;
				GENERATE_INFOPLIST_FILE = YES;
				INFOPLIST_FILE = TestApp/App/Info.plist;
				INFOPLIST_KEY_UIApplicationSupportsIndirectInputEvents = YES;
				INFOPLIST_KEY_UILaunchStoryboardName = LaunchScreen;
				INFOPLIST_KEY_UIMainStoryboardFile = Main;
				INFOPLIST_KEY_UISupportedInterfaceOrientations_iPad = "UIInterfaceOrientationPortrait UIInterfaceOrientationPortraitUpsideDown UIInterfaceOrientationLandscapeLeft UIInterfaceOrientationLandscapeRight";
				INFOPLIST_KEY_UISupportedInterfaceOrientations_iPhone = "UIInterfaceOrientationPortrait UIInterfaceOrientationLandscapeLeft UIInterfaceOrientationLandscapeRight";
				LD_RUNPATH_SEARCH_PATHS = (
					"$(inherited)",
					"@executable_path/Frameworks",
				);
				MARKETING_VERSION = 1.0;
				PRODUCT_BUNDLE_IDENTIFIER = pmatar.TestApp;
				PRODUCT_NAME = "$(TARGET_NAME)";
				SWIFT_EMIT_LOC_STRINGS = YES;
				SWIFT_VERSION = 5.0;
				TARGETED_DEVICE_FAMILY = "1,2";
			};
			name = Debug;
		};
		CF32956228411136009B221C /* Release */ = {
			isa = XCBuildConfiguration;
			buildSettings = {
				ASSETCATALOG_COMPILER_APPICON_NAME = AppIcon;
				ASSETCATALOG_COMPILER_GLOBAL_ACCENT_COLOR_NAME = AccentColor;
				CODE_SIGN_STYLE = Automatic;
				CURRENT_PROJECT_VERSION = 1;
				DEVELOPMENT_TEAM = L7KZPDRX49;
				GENERATE_INFOPLIST_FILE = YES;
				INFOPLIST_FILE = TestApp/App/Info.plist;
				INFOPLIST_KEY_UIApplicationSupportsIndirectInputEvents = YES;
				INFOPLIST_KEY_UILaunchStoryboardName = LaunchScreen;
				INFOPLIST_KEY_UIMainStoryboardFile = Main;
				INFOPLIST_KEY_UISupportedInterfaceOrientations_iPad = "UIInterfaceOrientationPortrait UIInterfaceOrientationPortraitUpsideDown UIInterfaceOrientationLandscapeLeft UIInterfaceOrientationLandscapeRight";
				INFOPLIST_KEY_UISupportedInterfaceOrientations_iPhone = "UIInterfaceOrientationPortrait UIInterfaceOrientationLandscapeLeft UIInterfaceOrientationLandscapeRight";
				LD_RUNPATH_SEARCH_PATHS = (
					"$(inherited)",
					"@executable_path/Frameworks",
				);
				MARKETING_VERSION = 1.0;
				PRODUCT_BUNDLE_IDENTIFIER = pmatar.TestApp;
				PRODUCT_NAME = "$(TARGET_NAME)";
				SWIFT_EMIT_LOC_STRINGS = YES;
				SWIFT_VERSION = 5.0;
				TARGETED_DEVICE_FAMILY = "1,2";
			};
			name = Release;
		};
/* End XCBuildConfiguration section */

/* Begin XCConfigurationList section */
		CF32954728411135009B221C /* Build configuration list for PBXProject "TestApp" */ = {
			isa = XCConfigurationList;
			buildConfigurations = (
				CF32955E28411136009B221C /* Debug */,
				CF32955F28411136009B221C /* Release */,
			);
			defaultConfigurationIsVisible = 0;
			defaultConfigurationName = Release;
		};
		CF32956028411136009B221C /* Build configuration list for PBXNativeTarget "TestApp" */ = {
			isa = XCConfigurationList;
			buildConfigurations = (
				CF32956128411136009B221C /* Debug */,
				CF32956228411136009B221C /* Release */,
			);
			defaultConfigurationIsVisible = 0;
			defaultConfigurationName = Release;
		};
/* End XCConfigurationList section */

/* Begin XCRemoteSwiftPackageReference section */
		CF32956F2841292C009B221C /* XCRemoteSwiftPackageReference "SDWebImage" */ = {
			isa = XCRemoteSwiftPackageReference;
			repositoryURL = "https://github.com/SDWebImage/SDWebImage.git";
			requirement = {
				kind = upToNextMajorVersion;
				minimumVersion = 5.0.0;
			};
		};
		CFA0379B28415591000BA259 /* XCRemoteSwiftPackageReference "IQKeyboardManager" */ = {
			isa = XCRemoteSwiftPackageReference;
			repositoryURL = "https://github.com/hackiftekhar/IQKeyboardManager.git";
			requirement = {
				kind = upToNextMajorVersion;
				minimumVersion = 6.5.0;
			};
		};
		CFA0379E28415A7D000BA259 /* XCRemoteSwiftPackageReference "realm-swift" */ = {
			isa = XCRemoteSwiftPackageReference;
			repositoryURL = "https://github.com/realm/realm-swift.git";
			requirement = {
				kind = upToNextMinorVersion;
				minimumVersion = 10.19.0;
			};
		};
/* End XCRemoteSwiftPackageReference section */

/* Begin XCSwiftPackageProductDependency section */
		CF3295702841292C009B221C /* SDWebImage */ = {
			isa = XCSwiftPackageProductDependency;
			package = CF32956F2841292C009B221C /* XCRemoteSwiftPackageReference "SDWebImage" */;
			productName = SDWebImage;
		};
		CFA0379C28415591000BA259 /* IQKeyboardManagerSwift */ = {
			isa = XCSwiftPackageProductDependency;
			package = CFA0379B28415591000BA259 /* XCRemoteSwiftPackageReference "IQKeyboardManager" */;
			productName = IQKeyboardManagerSwift;
		};
		CFA0379F28415A7D000BA259 /* Realm */ = {
			isa = XCSwiftPackageProductDependency;
			package = CFA0379E28415A7D000BA259 /* XCRemoteSwiftPackageReference "realm-swift" */;
			productName = Realm;
		};
		CFA037A128415A7D000BA259 /* RealmSwift */ = {
			isa = XCSwiftPackageProductDependency;
			package = CFA0379E28415A7D000BA259 /* XCRemoteSwiftPackageReference "realm-swift" */;
			productName = RealmSwift;
		};
/* End XCSwiftPackageProductDependency section */
	};
	rootObject = CF32954428411135009B221C /* Project object */;
}
